{
  "version": 4,
  "terraform_version": "1.3.6",
  "serial": 88,
  "lineage": "e904a5b2-6945-fbc6-747b-4f594bfbfdf9",
  "outputs": {},
  "resources": [
    {
      "mode": "data",
      "type": "linode_profile",
      "name": "me",
      "provider": "provider[\"registry.terraform.io/linode/linode\"]",
      "instances": [
        {
          "schema_version": 0,
          "attributes": {
            "authorized_keys": [
              "ssh-rsa AAAAB3NzaC1yc2EAAAADAQABAAABAQDOAIMC69zCdnm6JULEV5jPZZ7Jvq9N9dS3kjDSnNWqbj0NjxP/MLKZ6zMSazlJ45YdJZXylLZPwRDlCMcNN8zs78NYltqBMH1fDkSXYDp488aDu5ikAoGi+TCb4XBHJdULRJJ2APwE6NtcVcnAmstpNPBHhPxRaEuk6F6drWkA10hjZF3qYmRRpTPei0pyaGR54nksYgRhNv+6Dj5iQiGKWTi02wHwWWSxLIcg/e+YBr9hm614qDaNEd0a5O4ab70SrzWP++/2QtCabZDil2f7FJP7pu/9pE+H+FTpvXD/ByqRm1km/JvhGrOeWjgFtJkyLL3QMR1FRfgeE91PbTKP root@li1496-47"
            ],
            "email": "rlonergan@linode.com",
            "email_notifications": true,
            "id": "1239989",
            "ip_whitelist_enabled": false,
            "lish_auth_method": "keys_only",
            "referrals": [
              {
                "code": "",
                "completed": 0,
                "credit": 0,
                "pending": 0,
                "total": 0,
                "url": ""
              }
            ],
            "restricted": false,
            "timezone": "America/New_York",
            "two_factor_auth": true,
            "username": "rl0nergan"
          },
          "sensitive_attributes": []
        }
      ]
    },
    {
      "mode": "managed",
      "type": "linode_domain_record",
      "name": "prometheus-A",
      "provider": "provider[\"registry.terraform.io/linode/linode\"]",
      "instances": [
        {
          "schema_version": 0,
          "attributes": {
            "domain_id": 1395459,
            "id": "22513662",
            "name": "prom-test",
            "port": 0,
            "priority": 0,
            "protocol": "",
            "record_type": "A",
            "service": "",
            "tag": "",
            "target": "139.144.184.85",
            "ttl_sec": 30,
            "weight": 0
          },
          "sensitive_attributes": [],
          "private": "bnVsbA==",
          "dependencies": [
            "data.linode_profile.me",
            "linode_instance.prometheus"
          ]
        }
      ]
    },
    {
      "mode": "managed",
      "type": "linode_instance",
      "name": "prometheus",
      "provider": "provider[\"registry.terraform.io/linode/linode\"]",
      "instances": [
        {
          "schema_version": 0,
          "attributes": {
            "alerts": [
              {
                "cpu": 180,
                "io": 10000,
                "network_in": 10,
                "network_out": 10,
                "transfer_quota": 80
              }
            ],
            "authorized_keys": null,
            "authorized_users": [
              "rl0nergan"
            ],
            "backup_id": null,
            "backups": [
              {
                "enabled": true,
                "schedule": [
                  {
                    "day": "Scheduling",
                    "window": "Scheduling"
                  }
                ]
              }
            ],
            "backups_enabled": true,
            "boot_config_label": "My Debian 11 Profile",
            "booted": true,
            "config": [
              {
                "comments": "",
                "devices": [
                  {
                    "sda": [
                      {
                        "disk_id": 81165931,
                        "disk_label": "Debian 11 Disk",
                        "volume_id": 0
                      }
                    ],
                    "sdb": [
                      {
                        "disk_id": 81165932,
                        "disk_label": "512 MB Swap Image",
                        "volume_id": 0
                      }
                    ],
                    "sdc": [],
                    "sdd": [],
                    "sde": [],
                    "sdf": [],
                    "sdg": [],
                    "sdh": []
                  }
                ],
                "helpers": [
                  {
                    "devtmpfs_automount": true,
                    "distro": true,
                    "modules_dep": true,
                    "network": false,
                    "updatedb_disabled": true
                  }
                ],
                "interface": [],
                "kernel": "linode/grub2",
                "label": "My Debian 11 Profile",
                "memory_limit": 0,
                "root_device": "/dev/sda",
                "run_level": "default",
                "virt_mode": "paravirt"
              }
            ],
            "disk": [
              {
                "authorized_keys": [],
                "authorized_users": [],
                "filesystem": "ext4",
                "id": 81165931,
                "image": "",
                "label": "Debian 11 Disk",
                "read_only": false,
                "root_pass": "",
                "size": 81408,
                "stackscript_data": {},
                "stackscript_id": 0
              },
              {
                "authorized_keys": [],
                "authorized_users": [],
                "filesystem": "swap",
                "id": 81165932,
                "image": "",
                "label": "512 MB Swap Image",
                "read_only": false,
                "root_pass": "",
                "size": 512,
                "stackscript_data": {},
                "stackscript_id": 0
              }
            ],
            "group": "prom-stack",
            "id": "40539584",
            "image": "linode/debian11",
            "interface": [],
            "ip_address": "139.144.184.85",
            "ipv4": [
              "139.144.184.85",
              "192.168.226.181"
            ],
            "ipv6": "2600:3c02::f03c:93ff:fe41:4d9d/128",
            "label": "prometheus",
            "private_ip": true,
            "private_ip_address": "192.168.226.181",
            "region": "us-southeast",
            "resize_disk": false,
            "root_pass": "YH2vp35raeghYcidtU7/GoB9UQYUKxe6y2gmQ79GN/tlDGtSlgjucAkURgq2sNi0PiUoNA54GB/ToEcMbBTPcw==",
            "shared_ipv4": [],
            "specs": [
              {
                "disk": 81920,
                "memory": 4096,
                "transfer": 4000,
                "vcpus": 2
              }
            ],
            "stackscript_data": {
              "disable_root": "No",
              "password": "Jyizfrd4_6zF*N@jigMik9ayxNqWvjPp",
              "pubkey": "ssh-rsa AAAAB3NzaC1yc2EAAAADAQABAAACAQC/X4hgv7AeYtNns7CE0ZCKBjTCRVkxB5ziOc4d82YBuQl3fcPttGnxPCf8SKVEAMtKw+331mXcIL2Yxq+rHaMRDv5r8rwJ/hk3Awyu/Uswe+vpAPFuO3auz2i1tC1NIOqinCCSFLAulsSfCSYn6G+gpEQ1OgdRpD1qQX+QhGjn6P23C731Rw1W1IzO9BSzaqzyLARs8tsC3Q0BPNbsuAgC4f4UmWenJzgU+gaT/8PExLHV1Exs4D8KW+Vvag3DN26oaXDvf4y0eQWuGEOoTs1P6k1nNPO/NE7X0YbB5cFR1TzWJzn4J/PrW90VDv2OmV8K8ZFvQ6FNBsdz0BoXGWILSxp37CiwaTbsdOWIJ9u20jKj19LzpTRB3qKG7fDph03+Re9dXbxNGwJm5INzMZ/89pR+esmZ0/sMgw+0MkeXqSFdsRPatemjhDjMUMVgQOumP+ICfRFU1kDtUZBTzzLnnU6zKlT0PRDuXiLd9vhI7JAknL0xYygh8gbWE9Fjds1ytfNO9I4bpr3O66icMk6631Kx8PyWAlVHJUurHYlL8LC06AFfGhznuph5TVmu/F60ojUQYDyxqNSvjYJVAaF1atlR5qXpWafLW09k4wAippotiVhjWSjpmUUOR2vOC3+M+VYbstW9fBLAe++AJKEK23QYwXwMTptR4YsyFmf02w== rlonergan@rlonergan-C02ZW8AVMD6M",
              "username": "prometheus"
            },
            "stackscript_id": 1095232,
            "status": "running",
            "swap_size": 512,
            "tags": [
              "prom-stack"
            ],
            "timeouts": null,
            "type": "g6-dedicated-2",
            "watchdog_enabled": true
          },
          "sensitive_attributes": [],
          "private": "eyJlMmJmYjczMC1lY2FhLTExZTYtOGY4OC0zNDM2M2JjN2M0YzAiOnsiY3JlYXRlIjo2MDAwMDAwMDAwMDAsImRlbGV0ZSI6NjAwMDAwMDAwMDAwLCJ1cGRhdGUiOjEyMDAwMDAwMDAwMDB9fQ==",
          "dependencies": [
            "data.linode_profile.me"
          ]
        }
      ]
    },
    {
      "mode": "managed",
      "type": "null_resource",
      "name": "configure_ssl",
      "provider": "provider[\"registry.terraform.io/hashicorp/null\"]",
      "instances": [
        {
          "schema_version": 0,
          "attributes": {
            "id": "1201613260647954511",
            "triggers": null
          },
          "sensitive_attributes": [],
          "dependencies": [
            "data.linode_profile.me",
            "linode_instance.prometheus"
          ]
        }
      ]
    }
  ],
  "check_results": null
}
